
Microsoft Visual Studio Solution File, Format Version 12.00
# Visual Studio Version 17
VisualStudioVersion = 17.0.31903.59
MinimumVisualStudioVersion = 10.0.40219.1
Project("{2150E333-8FDC-42A3-9474-1A3956D46DE8}") = "src", "src", "{827E0CD3-B72D-47B6-A68D-7590B98EB39B}"
EndProject
Project("{FAE04EC0-301F-11D3-BF4B-00C04F79EFBC}") = "DataGo.Domain", "src\DataGo.Domain\DataGo.Domain.csproj", "{FD845245-4456-4CF9-B03A-F3CAEB7B07CF}"
EndProject
Project("{FAE04EC0-301F-11D3-BF4B-00C04F79EFBC}") = "DataGo.Application", "src\DataGo.Application\DataGo.Application.csproj", "{5D0F02D9-1CBE-4C36-A506-8C277C89D2E9}"
EndProject
Project("{FAE04EC0-301F-11D3-BF4B-00C04F79EFBC}") = "DataGo.Infrastructure", "src\DataGo.Infrastructure\DataGo.Infrastructure.csproj", "{4F095509-D8A8-44AD-BAB9-D94FE19BD349}"
EndProject
Project("{FAE04EC0-301F-11D3-BF4B-00C04F79EFBC}") = "DataGo.Api", "src\DataGo.Api\DataGo.Api.csproj", "{86C576CA-B23C-4D8B-A8C2-DC2D8640467B}"
EndProject
Project("{2150E333-8FDC-42A3-9474-1A3956D46DE8}") = "tests", "tests", "{0AB3BF05-4346-4AA6-1389-037BE0695223}"
EndProject
Project("{FAE04EC0-301F-11D3-BF4B-00C04F79EFBC}") = "DataGo.Domain.Tests", "tests\DataGo.Domain.Tests\DataGo.Domain.Tests.csproj", "{E4299A4A-BFA2-4D36-837D-75D4BF78E060}"
EndProject
Project("{FAE04EC0-301F-11D3-BF4B-00C04F79EFBC}") = "DataGo.Application.Tests", "tests\DataGo.Application.Tests\DataGo.Application.Tests.csproj", "{3B96F7F6-35B1-4CD6-9384-87807DE51566}"
EndProject
Global
	GlobalSection(SolutionConfigurationPlatforms) = preSolution
		Debug|Any CPU = Debug|Any CPU
		Debug|x64 = Debug|x64
		Debug|x86 = Debug|x86
		Release|Any CPU = Release|Any CPU
		Release|x64 = Release|x64
		Release|x86 = Release|x86
	EndGlobalSection
	GlobalSection(ProjectConfigurationPlatforms) = postSolution
		{FD845245-4456-4CF9-B03A-F3CAEB7B07CF}.Debug|Any CPU.ActiveCfg = Debug|Any CPU
		{FD845245-4456-4CF9-B03A-F3CAEB7B07CF}.Debug|Any CPU.Build.0 = Debug|Any CPU
		{FD845245-4456-4CF9-B03A-F3CAEB7B07CF}.Debug|x64.ActiveCfg = Debug|Any CPU
		{FD845245-4456-4CF9-B03A-F3CAEB7B07CF}.Debug|x64.Build.0 = Debug|Any CPU
		{FD845245-4456-4CF9-B03A-F3CAEB7B07CF}.Debug|x86.ActiveCfg = Debug|Any CPU
		{FD845245-4456-4CF9-B03A-F3CAEB7B07CF}.Debug|x86.Build.0 = Debug|Any CPU
		{FD845245-4456-4CF9-B03A-F3CAEB7B07CF}.Release|Any CPU.ActiveCfg = Release|Any CPU
		{FD845245-4456-4CF9-B03A-F3CAEB7B07CF}.Release|Any CPU.Build.0 = Release|Any CPU
		{FD845245-4456-4CF9-B03A-F3CAEB7B07CF}.Release|x64.ActiveCfg = Release|Any CPU
		{FD845245-4456-4CF9-B03A-F3CAEB7B07CF}.Release|x64.Build.0 = Release|Any CPU
		{FD845245-4456-4CF9-B03A-F3CAEB7B07CF}.Release|x86.ActiveCfg = Release|Any CPU
		{FD845245-4456-4CF9-B03A-F3CAEB7B07CF}.Release|x86.Build.0 = Release|Any CPU
		{5D0F02D9-1CBE-4C36-A506-8C277C89D2E9}.Debug|Any CPU.ActiveCfg = Debug|Any CPU
		{5D0F02D9-1CBE-4C36-A506-8C277C89D2E9}.Debug|Any CPU.Build.0 = Debug|Any CPU
		{5D0F02D9-1CBE-4C36-A506-8C277C89D2E9}.Debug|x64.ActiveCfg = Debug|Any CPU
		{5D0F02D9-1CBE-4C36-A506-8C277C89D2E9}.Debug|x64.Build.0 = Debug|Any CPU
		{5D0F02D9-1CBE-4C36-A506-8C277C89D2E9}.Debug|x86.ActiveCfg = Debug|Any CPU
		{5D0F02D9-1CBE-4C36-A506-8C277C89D2E9}.Debug|x86.Build.0 = Debug|Any CPU
		{5D0F02D9-1CBE-4C36-A506-8C277C89D2E9}.Release|Any CPU.ActiveCfg = Release|Any CPU
		{5D0F02D9-1CBE-4C36-A506-8C277C89D2E9}.Release|Any CPU.Build.0 = Release|Any CPU
		{5D0F02D9-1CBE-4C36-A506-8C277C89D2E9}.Release|x64.ActiveCfg = Release|Any CPU
		{5D0F02D9-1CBE-4C36-A506-8C277C89D2E9}.Release|x64.Build.0 = Release|Any CPU
		{5D0F02D9-1CBE-4C36-A506-8C277C89D2E9}.Release|x86.ActiveCfg = Release|Any CPU
		{5D0F02D9-1CBE-4C36-A506-8C277C89D2E9}.Release|x86.Build.0 = Release|Any CPU
		{4F095509-D8A8-44AD-BAB9-D94FE19BD349}.Debug|Any CPU.ActiveCfg = Debug|Any CPU
		{4F095509-D8A8-44AD-BAB9-D94FE19BD349}.Debug|Any CPU.Build.0 = Debug|Any CPU
		{4F095509-D8A8-44AD-BAB9-D94FE19BD349}.Debug|x64.ActiveCfg = Debug|Any CPU
		{4F095509-D8A8-44AD-BAB9-D94FE19BD349}.Debug|x64.Build.0 = Debug|Any CPU
		{4F095509-D8A8-44AD-BAB9-D94FE19BD349}.Debug|x86.ActiveCfg = Debug|Any CPU
		{4F095509-D8A8-44AD-BAB9-D94FE19BD349}.Debug|x86.Build.0 = Debug|Any CPU
		{4F095509-D8A8-44AD-BAB9-D94FE19BD349}.Release|Any CPU.ActiveCfg = Release|Any CPU
		{4F095509-D8A8-44AD-BAB9-D94FE19BD349}.Release|Any CPU.Build.0 = Release|Any CPU
		{4F095509-D8A8-44AD-BAB9-D94FE19BD349}.Release|x64.ActiveCfg = Release|Any CPU
		{4F095509-D8A8-44AD-BAB9-D94FE19BD349}.Release|x64.Build.0 = Release|Any CPU
		{4F095509-D8A8-44AD-BAB9-D94FE19BD349}.Release|x86.ActiveCfg = Release|Any CPU
		{4F095509-D8A8-44AD-BAB9-D94FE19BD349}.Release|x86.Build.0 = Release|Any CPU
		{86C576CA-B23C-4D8B-A8C2-DC2D8640467B}.Debug|Any CPU.ActiveCfg = Debug|Any CPU
		{86C576CA-B23C-4D8B-A8C2-DC2D8640467B}.Debug|Any CPU.Build.0 = Debug|Any CPU
		{86C576CA-B23C-4D8B-A8C2-DC2D8640467B}.Debug|x64.ActiveCfg = Debug|Any CPU
		{86C576CA-B23C-4D8B-A8C2-DC2D8640467B}.Debug|x64.Build.0 = Debug|Any CPU
		{86C576CA-B23C-4D8B-A8C2-DC2D8640467B}.Debug|x86.ActiveCfg = Debug|Any CPU
		{86C576CA-B23C-4D8B-A8C2-DC2D8640467B}.Debug|x86.Build.0 = Debug|Any CPU
		{86C576CA-B23C-4D8B-A8C2-DC2D8640467B}.Release|Any CPU.ActiveCfg = Release|Any CPU
		{86C576CA-B23C-4D8B-A8C2-DC2D8640467B}.Release|Any CPU.Build.0 = Release|Any CPU
		{86C576CA-B23C-4D8B-A8C2-DC2D8640467B}.Release|x64.ActiveCfg = Release|Any CPU
		{86C576CA-B23C-4D8B-A8C2-DC2D8640467B}.Release|x64.Build.0 = Release|Any CPU
		{86C576CA-B23C-4D8B-A8C2-DC2D8640467B}.Release|x86.ActiveCfg = Release|Any CPU
		{86C576CA-B23C-4D8B-A8C2-DC2D8640467B}.Release|x86.Build.0 = Release|Any CPU
		{E4299A4A-BFA2-4D36-837D-75D4BF78E060}.Debug|Any CPU.ActiveCfg = Debug|Any CPU
		{E4299A4A-BFA2-4D36-837D-75D4BF78E060}.Debug|Any CPU.Build.0 = Debug|Any CPU
		{E4299A4A-BFA2-4D36-837D-75D4BF78E060}.Debug|x64.ActiveCfg = Debug|Any CPU
		{E4299A4A-BFA2-4D36-837D-75D4BF78E060}.Debug|x64.Build.0 = Debug|Any CPU
		{E4299A4A-BFA2-4D36-837D-75D4BF78E060}.Debug|x86.ActiveCfg = Debug|Any CPU
		{E4299A4A-BFA2-4D36-837D-75D4BF78E060}.Debug|x86.Build.0 = Debug|Any CPU
		{E4299A4A-BFA2-4D36-837D-75D4BF78E060}.Release|Any CPU.ActiveCfg = Release|Any CPU
		{E4299A4A-BFA2-4D36-837D-75D4BF78E060}.Release|Any CPU.Build.0 = Release|Any CPU
		{E4299A4A-BFA2-4D36-837D-75D4BF78E060}.Release|x64.ActiveCfg = Release|Any CPU
		{E4299A4A-BFA2-4D36-837D-75D4BF78E060}.Release|x64.Build.0 = Release|Any CPU
		{E4299A4A-BFA2-4D36-837D-75D4BF78E060}.Release|x86.ActiveCfg = Release|Any CPU
		{E4299A4A-BFA2-4D36-837D-75D4BF78E060}.Release|x86.Build.0 = Release|Any CPU
		{3B96F7F6-35B1-4CD6-9384-87807DE51566}.Debug|Any CPU.ActiveCfg = Debug|Any CPU
		{3B96F7F6-35B1-4CD6-9384-87807DE51566}.Debug|Any CPU.Build.0 = Debug|Any CPU
		{3B96F7F6-35B1-4CD6-9384-87807DE51566}.Debug|x64.ActiveCfg = Debug|Any CPU
		{3B96F7F6-35B1-4CD6-9384-87807DE51566}.Debug|x64.Build.0 = Debug|Any CPU
		{3B96F7F6-35B1-4CD6-9384-87807DE51566}.Debug|x86.ActiveCfg = Debug|Any CPU
		{3B96F7F6-35B1-4CD6-9384-87807DE51566}.Debug|x86.Build.0 = Debug|Any CPU
		{3B96F7F6-35B1-4CD6-9384-87807DE51566}.Release|Any CPU.ActiveCfg = Release|Any CPU
		{3B96F7F6-35B1-4CD6-9384-87807DE51566}.Release|Any CPU.Build.0 = Release|Any CPU
		{3B96F7F6-35B1-4CD6-9384-87807DE51566}.Release|x64.ActiveCfg = Release|Any CPU
		{3B96F7F6-35B1-4CD6-9384-87807DE51566}.Release|x64.Build.0 = Release|Any CPU
		{3B96F7F6-35B1-4CD6-9384-87807DE51566}.Release|x86.ActiveCfg = Release|Any CPU
		{3B96F7F6-35B1-4CD6-9384-87807DE51566}.Release|x86.Build.0 = Release|Any CPU
	EndGlobalSection
	GlobalSection(SolutionProperties) = preSolution
		HideSolutionNode = FALSE
	EndGlobalSection
	GlobalSection(NestedProjects) = preSolution
		{FD845245-4456-4CF9-B03A-F3CAEB7B07CF} = {827E0CD3-B72D-47B6-A68D-7590B98EB39B}
		{5D0F02D9-1CBE-4C36-A506-8C277C89D2E9} = {827E0CD3-B72D-47B6-A68D-7590B98EB39B}
		{4F095509-D8A8-44AD-BAB9-D94FE19BD349} = {827E0CD3-B72D-47B6-A68D-7590B98EB39B}
		{86C576CA-B23C-4D8B-A8C2-DC2D8640467B} = {827E0CD3-B72D-47B6-A68D-7590B98EB39B}
		{E4299A4A-BFA2-4D36-837D-75D4BF78E060} = {0AB3BF05-4346-4AA6-1389-037BE0695223}
		{3B96F7F6-35B1-4CD6-9384-87807DE51566} = {0AB3BF05-4346-4AA6-1389-037BE0695223}
	EndGlobalSection
EndGlobal
